{
  "name": "Lets_Study-master",
  "lockfileVersion": 2,
  "requires": true,
  "packages": {
    "": {
      "dependencies": {
        "all": "^0.0.0",
        "jutsu": "^0.1.1",
        "moment": "^2.29.1",
        "react": "^18.0.0"
      }
    },
    "node_modules/all": {
      "version": "0.0.0",
      "resolved": "https://registry.npmjs.org/all/-/all-0.0.0.tgz",
      "integrity": "sha1-+yqnXUdZ1A457LsRj6vwzBH/VU8="
    },
    "node_modules/d3": {
      "version": "3.5.17",
      "resolved": "https://registry.npmjs.org/d3/-/d3-3.5.17.tgz",
      "integrity": "sha1-vEZ0gAQ3iyGjYMn8fPUjF5B2L7g="
    },
    "node_modules/js-tokens": {
      "version": "4.0.0",
      "resolved": "https://registry.npmjs.org/js-tokens/-/js-tokens-4.0.0.tgz",
      "integrity": "sha512-RdJUflcE3cUzKiMqQgsCu06FPu9UdIJO0beYbPhHN4k6apgJtifcoCtT9bcxOpYBtpD2kCM6Sbzg4CausW/PKQ=="
    },
    "node_modules/jutsu": {
      "version": "0.1.1",
      "resolved": "https://registry.npmjs.org/jutsu/-/jutsu-0.1.1.tgz",
      "integrity": "sha1-iT9EuTgUg4G1Ed51pRty0VABqS8=",
      "dependencies": {
        "d3": "^3.5.16",
        "nvd3": "^1.8.3"
      }
    },
    "node_modules/loose-envify": {
      "version": "1.4.0",
      "resolved": "https://registry.npmjs.org/loose-envify/-/loose-envify-1.4.0.tgz",
      "integrity": "sha512-lyuxPGr/Wfhrlem2CL/UcnUc1zcqKAImBDzukY7Y5F/yQiNdko6+fRLevlw1HgMySw7f611UIY408EtxRSoK3Q==",
      "dependencies": {
        "js-tokens": "^3.0.0 || ^4.0.0"
      },
      "bin": {
        "loose-envify": "cli.js"
      }
    },
    "node_modules/moment": {
      "version": "2.29.1",
      "resolved": "https://registry.npmjs.org/moment/-/moment-2.29.1.tgz",
      "integrity": "sha512-kHmoybcPV8Sqy59DwNDY3Jefr64lK/by/da0ViFcuA4DH0vQg5Q6Ze5VimxkfQNSC+Mls/Kx53s7TjP1RhFEDQ==",
      "engines": {
        "node": "*"
      }
    },
    "node_modules/nvd3": {
      "version": "1.8.6",
      "resolved": "https://registry.npmjs.org/nvd3/-/nvd3-1.8.6.tgz",
      "integrity": "sha1-LT66dL8zNjtRAevx0JPFmlOuc8Q=",
      "peerDependencies": {
        "d3": "^3.4.4"
      }
    },
    "node_modules/react": {
      "version": "18.0.0",
      "resolved": "https://registry.npmjs.org/react/-/react-18.0.0.tgz",
      "integrity": "sha512-x+VL6wbT4JRVPm7EGxXhZ8w8LTROaxPXOqhlGyVSrv0sB1jkyFGgXxJ8LVoPRLvPR6/CIZGFmfzqUa2NYeMr2A==",
      "dependencies": {
        "loose-envify": "^1.1.0"
      },
      "engines": {
        "node": ">=0.10.0"
      }
    }
  },
  "dependencies": {
    "all": {
      "version": "0.0.0",
      "resolved": "https://registry.npmjs.org/all/-/all-0.0.0.tgz",
      "integrity": "sha1-+yqnXUdZ1A457LsRj6vwzBH/VU8="
    },
    "d3": {
      "version": "3.5.17",
      "resolved": "https://registry.npmjs.org/d3/-/d3-3.5.17.tgz",
      "integrity": "sha1-vEZ0gAQ3iyGjYMn8fPUjF5B2L7g="
    },
    "js-tokens": {
      "version": "4.0.0",
      "resolved": "https://registry.npmjs.org/js-tokens/-/js-tokens-4.0.0.tgz",
      "integrity": "sha512-RdJUflcE3cUzKiMqQgsCu06FPu9UdIJO0beYbPhHN4k6apgJtifcoCtT9bcxOpYBtpD2kCM6Sbzg4CausW/PKQ=="
    },
    "jutsu": {
      "version": "0.1.1",
      "resolved": "https://registry.npmjs.org/jutsu/-/jutsu-0.1.1.tgz",
      "integrity": "sha1-iT9EuTgUg4G1Ed51pRty0VABqS8=",
      "requires": {
        "d3": "^3.5.16",
        "nvd3": "^1.8.3"
      }
    },
    "loose-envify": {
      "version": "1.4.0",
      "resolved": "https://registry.npmjs.org/loose-envify/-/loose-envify-1.4.0.tgz",
      "integrity": "sha512-lyuxPGr/Wfhrlem2CL/UcnUc1zcqKAImBDzukY7Y5F/yQiNdko6+fRLevlw1HgMySw7f611UIY408EtxRSoK3Q==",
      "requires": {
        "js-tokens": "^3.0.0 || ^4.0.0"
      }
    },
    "moment": {
      "version": "2.29.1",
      "resolved": "https://registry.npmjs.org/moment/-/moment-2.29.1.tgz",
      "integrity": "sha512-kHmoybcPV8Sqy59DwNDY3Jefr64lK/by/da0ViFcuA4DH0vQg5Q6Ze5VimxkfQNSC+Mls/Kx53s7TjP1RhFEDQ=="
    },
    "nvd3": {
      "version": "1.8.6",
      "resolved": "https://registry.npmjs.org/nvd3/-/nvd3-1.8.6.tgz",
      "integrity": "sha1-LT66dL8zNjtRAevx0JPFmlOuc8Q=",
      "requires": {}
    },
    "react": {
      "version": "18.0.0",
      "resolved": "https://registry.npmjs.org/react/-/react-18.0.0.tgz",
      "integrity": "sha512-x+VL6wbT4JRVPm7EGxXhZ8w8LTROaxPXOqhlGyVSrv0sB1jkyFGgXxJ8LVoPRLvPR6/CIZGFmfzqUa2NYeMr2A==",
      "requires": {
        "loose-envify": "^1.1.0"
      }
    }
  }
}
